
Microsoft Visual Studio Solution File, Format Version 12.00
# Visual Studio Version 17
VisualStudioVersion = 17.10.35122.118
MinimumVisualStudioVersion = 10.0.40219.1
Project("{FAE04EC0-301F-11D3-BF4B-00C04F79EFBC}") = "CourseService", "CourseService.csproj", "{8C7DA384-CB60-40DA-9CDA-B20D59D79E0D}"
EndProject
Global
	GlobalSection(SolutionConfigurationPlatforms) = preSolution
		Debug|Any CPU = Debug|Any CPU
		Release|Any CPU = Release|Any CPU
	EndGlobalSection
	GlobalSection(ProjectConfigurationPlatforms) = postSolution
		{8C7DA384-CB60-40DA-9CDA-B20D59D79E0D}.Debug|Any CPU.ActiveCfg = Debug|Any CPU
		{8C7DA384-CB60-40DA-9CDA-B20D59D79E0D}.Debug|Any CPU.Build.0 = Debug|Any CPU
		{8C7DA384-CB60-40DA-9CDA-B20D59D79E0D}.Release|Any CPU.ActiveCfg = Release|Any CPU
		{8C7DA384-CB60-40DA-9CDA-B20D59D79E0D}.Release|Any CPU.Build.0 = Release|Any CPU
	EndGlobalSection
	GlobalSection(SolutionProperties) = preSolution
		HideSolutionNode = FALSE
	EndGlobalSection
	GlobalSection(ExtensibilityGlobals) = postSolution
		SolutionGuid = {53CC9FB3-F03E-4466-B07A-27317B56D9AB}
	EndGlobalSection
EndGlobal
