
Microsoft Visual Studio Solution File, Format Version 12.00
# Visual Studio Version 17
VisualStudioVersion = 17.10.35122.118
MinimumVisualStudioVersion = 10.0.40219.1
Project("{9A19103F-16F7-4668-BE54-9A1E7A4F7556}") = "AuthenticationService", "AuthenticationService.csproj", "{D02A6F34-BA86-4B60-98B5-6A195E1F5C5A}"
EndProject
Global
	GlobalSection(SolutionConfigurationPlatforms) = preSolution
		Debug|Any CPU = Debug|Any CPU
		Release|Any CPU = Release|Any CPU
	EndGlobalSection
	GlobalSection(ProjectConfigurationPlatforms) = postSolution
		{D02A6F34-BA86-4B60-98B5-6A195E1F5C5A}.Debug|Any CPU.ActiveCfg = Debug|Any CPU
		{D02A6F34-BA86-4B60-98B5-6A195E1F5C5A}.Debug|Any CPU.Build.0 = Debug|Any CPU
		{D02A6F34-BA86-4B60-98B5-6A195E1F5C5A}.Release|Any CPU.ActiveCfg = Release|Any CPU
		{D02A6F34-BA86-4B60-98B5-6A195E1F5C5A}.Release|Any CPU.Build.0 = Release|Any CPU
	EndGlobalSection
	GlobalSection(SolutionProperties) = preSolution
		HideSolutionNode = FALSE
	EndGlobalSection
	GlobalSection(ExtensibilityGlobals) = postSolution
		SolutionGuid = {17E94624-0BBF-46CA-BC59-CC766AEB19D1}
	EndGlobalSection
EndGlobal
